// !$*UTF8*$!
{
	archiveVersion = 1;
	classes = {
	};
	objectVersion = 77;
	objects = {

/* Begin PBXBuildFile section */
		0E3812A45F373B0A57DF9D00 /* LogView.swift in Sources */ = {isa = PBXBuildFile; fileRef = 7362345BB262E78D9C1B077D /* LogView.swift */; };
		2934DF33C6BB93B8FDACD973 /* App.swift in Sources */ = {isa = PBXBuildFile; fileRef = A3F345B134174843E76874F9 /* App.swift */; };
		2A1F1E98946CBE1DEB6EFDEF /* Assets.xcassets in Resources */ = {isa = PBXBuildFile; fileRef = A41907050CB9198DF85006A6 /* Assets.xcassets */; };
		35AFFFAD23A19714B0A6169F /* AppIcon.icon in Resources */ = {isa = PBXBuildFile; fileRef = 4067205D4BF4999F64B67740 /* AppIcon.icon */; };
		71393F70ACFC5D6FA633B82F /* ServerManager.swift in Sources */ = {isa = PBXBuildFile; fileRef = 798CB180E614495536F2CC9E /* ServerManager.swift */; };
		80FC45B370906095B342219D /* TOMLConfigParser.swift in Sources */ = {isa = PBXBuildFile; fileRef = 267E705B6C60113B8ED01E41 /* TOMLConfigParser.swift */; };
		CF384D3AAAF5865042B32A38 /* ConfigView.swift in Sources */ = {isa = PBXBuildFile; fileRef = 1A0DEE6574D3EECDCCA97D3E /* ConfigView.swift */; };
		E6D10A6F4F826E39C7B7A6EC /* TOMLKit in Frameworks */ = {isa = PBXBuildFile; productRef = 81361EABDEADDA4B4F41C10F /* TOMLKit */; };
/* End PBXBuildFile section */

/* Begin PBXFileReference section */
		1A0DEE6574D3EECDCCA97D3E /* ConfigView.swift */ = {isa = PBXFileReference; lastKnownFileType = sourcecode.swift; path = ConfigView.swift; sourceTree = "<group>"; };
		267E705B6C60113B8ED01E41 /* TOMLConfigParser.swift */ = {isa = PBXFileReference; lastKnownFileType = sourcecode.swift; path = TOMLConfigParser.swift; sourceTree = "<group>"; };
		4067205D4BF4999F64B67740 /* AppIcon.icon */ = {isa = PBXFileReference; lastKnownFileType = wrapper.icon; path = AppIcon.icon; sourceTree = "<group>"; };
		65205740F55E2DFF66DD8D6C /* Info.plist */ = {isa = PBXFileReference; lastKnownFileType = text.plist; path = Info.plist; sourceTree = "<group>"; };
		7362345BB262E78D9C1B077D /* LogView.swift */ = {isa = PBXFileReference; lastKnownFileType = sourcecode.swift; path = LogView.swift; sourceTree = "<group>"; };
		798CB180E614495536F2CC9E /* ServerManager.swift */ = {isa = PBXFileReference; lastKnownFileType = sourcecode.swift; path = ServerManager.swift; sourceTree = "<group>"; };
		A3F345B134174843E76874F9 /* App.swift */ = {isa = PBXFileReference; lastKnownFileType = sourcecode.swift; path = App.swift; sourceTree = "<group>"; };
		A41907050CB9198DF85006A6 /* Assets.xcassets */ = {isa = PBXFileReference; lastKnownFileType = folder.assetcatalog; path = Assets.xcassets; sourceTree = "<group>"; };
		DB56A0FCF073986CBACB4794 /* SnapDog Server.app */ = {isa = PBXFileReference; explicitFileType = wrapper.application; includeInIndex = 0; path = "SnapDog Server.app"; sourceTree = BUILT_PRODUCTS_DIR; };
/* End PBXFileReference section */

/* Begin PBXFrameworksBuildPhase section */
		B9C00241BE2DCE12A83F7693 /* Frameworks */ = {
			isa = PBXFrameworksBuildPhase;
			buildActionMask = 2147483647;
			files = (
				E6D10A6F4F826E39C7B7A6EC /* TOMLKit in Frameworks */,
			);
			runOnlyForDeploymentPostprocessing = 0;
		};
/* End PBXFrameworksBuildPhase section */

/* Begin PBXGroup section */
		5DB5D79A52A8F7B73D14BA50 = {
			isa = PBXGroup;
			children = (
				A17AD8FC509555BAD420C65C /* SnapDog Server */,
				FF70F5A8441FF8F08C392BBA /* Products */,
			);
			sourceTree = "<group>";
		};
		A17AD8FC509555BAD420C65C /* SnapDog Server */ = {
			isa = PBXGroup;
			children = (
				A3F345B134174843E76874F9 /* App.swift */,
				4067205D4BF4999F64B67740 /* AppIcon.icon */,
				A41907050CB9198DF85006A6 /* Assets.xcassets */,
				1A0DEE6574D3EECDCCA97D3E /* ConfigView.swift */,
				65205740F55E2DFF66DD8D6C /* Info.plist */,
				7362345BB262E78D9C1B077D /* LogView.swift */,
				798CB180E614495536F2CC9E /* ServerManager.swift */,
				267E705B6C60113B8ED01E41 /* TOMLConfigParser.swift */,
			);
			path = "SnapDog Server";
			sourceTree = "<group>";
		};
		FF70F5A8441FF8F08C392BBA /* Products */ = {
			isa = PBXGroup;
			children = (
				DB56A0FCF073986CBACB4794 /* SnapDog Server.app */,
			);
			name = Products;
			sourceTree = "<group>";
		};
/* End PBXGroup section */

/* Begin PBXNativeTarget section */
		0191F4398197E4B03BEB580B /* SnapDog Server */ = {
			isa = PBXNativeTarget;
			buildConfigurationList = A1C9E370C95C05FE045EB454 /* Build configuration list for PBXNativeTarget "SnapDog Server" */;
			buildPhases = (
				A684337872E9FE86C5CF73D0 /* Sources */,
				DB105613C7570A506E690C01 /* Resources */,
				B9C00241BE2DCE12A83F7693 /* Frameworks */,
				F1657168F0EA7BC1F19D94E7 /* Copy snapdog binary */,
			);
			buildRules = (
			);
			dependencies = (
			);
			name = "SnapDog Server";
			packageProductDependencies = (
				81361EABDEADDA4B4F41C10F /* TOMLKit */,
			);
			productName = "SnapDog Server";
			productReference = DB56A0FCF073986CBACB4794 /* SnapDog Server.app */;
			productType = "com.apple.product-type.application";
		};
/* End PBXNativeTarget section */

/* Begin PBXProject section */
		77E4E1BE9705EAEB3C552D60 /* Project object */ = {
			isa = PBXProject;
			attributes = {
				BuildIndependentTargetsInParallel = YES;
				LastUpgradeCheck = 1600;
				TargetAttributes = {
				};
			};
			buildConfigurationList = A06ED75609C8E5E0A6E93DFA /* Build configuration list for PBXProject "SnapDog Server" */;
			developmentRegion = en;
			hasScannedForEncodings = 0;
			knownRegions = (
				Base,
				en,
			);
			mainGroup = 5DB5D79A52A8F7B73D14BA50;
			minimizedProjectReferenceProxies = 1;
			packageReferences = (
				08AFD7E498B82AE3D4908CCD /* XCRemoteSwiftPackageReference "TOMLKit" */,
			);
			preferredProjectObjectVersion = 77;
			productRefGroup = FF70F5A8441FF8F08C392BBA /* Products */;
			projectDirPath = "";
			projectRoot = "";
			targets = (
				0191F4398197E4B03BEB580B /* SnapDog Server */,
			);
		};
/* End PBXProject section */

/* Begin PBXResourcesBuildPhase section */
		DB105613C7570A506E690C01 /* Resources */ = {
			isa = PBXResourcesBuildPhase;
			buildActionMask = 2147483647;
			files = (
				35AFFFAD23A19714B0A6169F /* AppIcon.icon in Resources */,
				2A1F1E98946CBE1DEB6EFDEF /* Assets.xcassets in Resources */,
			);
			runOnlyForDeploymentPostprocessing = 0;
		};
/* End PBXResourcesBuildPhase section */

/* Begin PBXShellScriptBuildPhase section */
		F1657168F0EA7BC1F19D94E7 /* Copy snapdog binary */ = {
			isa = PBXShellScriptBuildPhase;
			alwaysOutOfDate = 1;
			buildActionMask = 2147483647;
			files = (
			);
			inputFileListPaths = (
			);
			inputPaths = (
			);
			name = "Copy snapdog binary";
			outputFileListPaths = (
			);
			outputPaths = (
			);
			runOnlyForDeploymentPostprocessing = 0;
			shellPath = /bin/sh;
			shellScript = "HELPERS_DIR=\"${BUILT_PRODUCTS_DIR}/${PRODUCT_NAME}.app/Contents/Helpers\"\nmkdir -p \"$HELPERS_DIR\"\ncp \"${SRCROOT}/../../target/release/snapdog\" \"$HELPERS_DIR/\" 2>/dev/null || \\\ncp \"${SRCROOT}/../../target/debug/snapdog\" \"$HELPERS_DIR/\" || \\\necho \"warning: snapdog binary not found\"\n";
		};
/* End PBXShellScriptBuildPhase section */

/* Begin PBXSourcesBuildPhase section */
		A684337872E9FE86C5CF73D0 /* Sources */ = {
			isa = PBXSourcesBuildPhase;
			buildActionMask = 2147483647;
			files = (
				2934DF33C6BB93B8FDACD973 /* App.swift in Sources */,
				CF384D3AAAF5865042B32A38 /* ConfigView.swift in Sources */,
				0E3812A45F373B0A57DF9D00 /* LogView.swift in Sources */,
				71393F70ACFC5D6FA633B82F /* ServerManager.swift in Sources */,
				80FC45B370906095B342219D /* TOMLConfigParser.swift in Sources */,
			);
			runOnlyForDeploymentPostprocessing = 0;
		};
/* End PBXSourcesBuildPhase section */

/* Begin XCBuildConfiguration section */
		3AC94A3A6C1CF456766305EB /* Release */ = {
			isa = XCBuildConfiguration;
			buildSettings = {
				ASSETCATALOG_COMPILER_APPICON_NAME = AppIcon;
				CODE_SIGN_IDENTITY = "-";
				COMBINE_HIDPI_IMAGES = YES;
				CURRENT_PROJECT_VERSION = 1;
				ENABLE_APP_SANDBOX = NO;
				ENABLE_HARDENED_RUNTIME = YES;
				INFOPLIST_FILE = "SnapDog Server/Info.plist";
				LD_RUNPATH_SEARCH_PATHS = "@executable_path/../Frameworks";
				MACOSX_DEPLOYMENT_TARGET = 15.0;
				MARKETING_VERSION = 1.0.0;
				PRODUCT_BUNDLE_IDENTIFIER = com.metaneutrons.snapdog.helper;
				PRODUCT_NAME = "SnapDog Server";
				SDKROOT = macosx;
				SWIFT_STRICT_CONCURRENCY = complete;
				SWIFT_VERSION = 6.0;
			};
			name = Release;
		};
		8E5B0689136C02B949243E6B /* Debug */ = {
			isa = XCBuildConfiguration;
			buildSettings = {
				ALWAYS_SEARCH_USER_PATHS = NO;
				CLANG_ANALYZER_NONNULL = YES;
				CLANG_ANALYZER_NUMBER_OBJECT_CONVERSION = YES_AGGRESSIVE;
				CLANG_CXX_LANGUAGE_STANDARD = "gnu++14";
				CLANG_CXX_LIBRARY = "libc++";
				CLANG_ENABLE_MODULES = YES;
				CLANG_ENABLE_OBJC_ARC = YES;
				CLANG_ENABLE_OBJC_WEAK = YES;
				CLANG_WARN_BLOCK_CAPTURE_AUTORELEASING = YES;
				CLANG_WARN_BOOL_CONVERSION = YES;
				CLANG_WARN_COMMA = YES;
				CLANG_WARN_CONSTANT_CONVERSION = YES;
				CLANG_WARN_DEPRECATED_OBJC_IMPLEMENTATIONS = YES;
				CLANG_WARN_DIRECT_OBJC_ISA_USAGE = YES_ERROR;
				CLANG_WARN_DOCUMENTATION_COMMENTS = YES;
				CLANG_WARN_EMPTY_BODY = YES;
				CLANG_WARN_ENUM_CONVERSION = YES;
				CLANG_WARN_INFINITE_RECURSION = YES;
				CLANG_WARN_INT_CONVERSION = YES;
				CLANG_WARN_NON_LITERAL_NULL_CONVERSION = YES;
				CLANG_WARN_OBJC_IMPLICIT_RETAIN_SELF = YES;
				CLANG_WARN_OBJC_LITERAL_CONVERSION = YES;
				CLANG_WARN_OBJC_ROOT_CLASS = YES_ERROR;
				CLANG_WARN_QUOTED_INCLUDE_IN_FRAMEWORK_HEADER = YES;
				CLANG_WARN_RANGE_LOOP_ANALYSIS = YES;
				CLANG_WARN_STRICT_PROTOTYPES = YES;
				CLANG_WARN_SUSPICIOUS_MOVE = YES;
				CLANG_WARN_UNGUARDED_AVAILABILITY = YES_AGGRESSIVE;
				CLANG_WARN_UNREACHABLE_CODE = YES;
				CLANG_WARN__DUPLICATE_METHOD_MATCH = YES;
				COPY_PHASE_STRIP = NO;
				DEBUG_INFORMATION_FORMAT = dwarf;
				ENABLE_STRICT_OBJC_MSGSEND = YES;
				ENABLE_TESTABILITY = YES;
				GCC_C_LANGUAGE_STANDARD = gnu11;
				GCC_DYNAMIC_NO_PIC = NO;
				GCC_NO_COMMON_BLOCKS = YES;
				GCC_OPTIMIZATION_LEVEL = 0;
				GCC_PREPROCESSOR_DEFINITIONS = (
					"$(inherited)",
					"DEBUG=1",
				);
				GCC_WARN_64_TO_32_BIT_CONVERSION = YES;
				GCC_WARN_ABOUT_RETURN_TYPE = YES_ERROR;
				GCC_WARN_UNDECLARED_SELECTOR = YES;
				GCC_WARN_UNINITIALIZED_AUTOS = YES_AGGRESSIVE;
				GCC_WARN_UNUSED_FUNCTION = YES;
				GCC_WARN_UNUSED_VARIABLE = YES;
				MACOSX_DEPLOYMENT_TARGET = 15.0;
				MTL_ENABLE_DEBUG_INFO = INCLUDE_SOURCE;
				MTL_FAST_MATH = YES;
				ONLY_ACTIVE_ARCH = YES;
				PRODUCT_NAME = "$(TARGET_NAME)";
				SDKROOT = macosx;
				SWIFT_ACTIVE_COMPILATION_CONDITIONS = DEBUG;
				SWIFT_OPTIMIZATION_LEVEL = "-Onone";
				SWIFT_VERSION = 5.0;
			};
			name = Debug;
		};
		B137DAC35620802B6F3037D4 /* Release */ = {
			isa = XCBuildConfiguration;
			buildSettings = {
				ALWAYS_SEARCH_USER_PATHS = NO;
				CLANG_ANALYZER_NONNULL = YES;
				CLANG_ANALYZER_NUMBER_OBJECT_CONVERSION = YES_AGGRESSIVE;
				CLANG_CXX_LANGUAGE_STANDARD = "gnu++14";
				CLANG_CXX_LIBRARY = "libc++";
				CLANG_ENABLE_MODULES = YES;
				CLANG_ENABLE_OBJC_ARC = YES;
				CLANG_ENABLE_OBJC_WEAK = YES;
				CLANG_WARN_BLOCK_CAPTURE_AUTORELEASING = YES;
				CLANG_WARN_BOOL_CONVERSION = YES;
				CLANG_WARN_COMMA = YES;
				CLANG_WARN_CONSTANT_CONVERSION = YES;
				CLANG_WARN_DEPRECATED_OBJC_IMPLEMENTATIONS = YES;
				CLANG_WARN_DIRECT_OBJC_ISA_USAGE = YES_ERROR;
				CLANG_WARN_DOCUMENTATION_COMMENTS = YES;
				CLANG_WARN_EMPTY_BODY = YES;
				CLANG_WARN_ENUM_CONVERSION = YES;
				CLANG_WARN_INFINITE_RECURSION = YES;
				CLANG_WARN_INT_CONVERSION = YES;
				CLANG_WARN_NON_LITERAL_NULL_CONVERSION = YES;
				CLANG_WARN_OBJC_IMPLICIT_RETAIN_SELF = YES;
				CLANG_WARN_OBJC_LITERAL_CONVERSION = YES;
				CLANG_WARN_OBJC_ROOT_CLASS = YES_ERROR;
				CLANG_WARN_QUOTED_INCLUDE_IN_FRAMEWORK_HEADER = YES;
				CLANG_WARN_RANGE_LOOP_ANALYSIS = YES;
				CLANG_WARN_STRICT_PROTOTYPES = YES;
				CLANG_WARN_SUSPICIOUS_MOVE = YES;
				CLANG_WARN_UNGUARDED_AVAILABILITY = YES_AGGRESSIVE;
				CLANG_WARN_UNREACHABLE_CODE = YES;
				CLANG_WARN__DUPLICATE_METHOD_MATCH = YES;
				COPY_PHASE_STRIP = NO;
				DEBUG_INFORMATION_FORMAT = "dwarf-with-dsym";
				ENABLE_NS_ASSERTIONS = NO;
				ENABLE_STRICT_OBJC_MSGSEND = YES;
				GCC_C_LANGUAGE_STANDARD = gnu11;
				GCC_NO_COMMON_BLOCKS = YES;
				GCC_WARN_64_TO_32_BIT_CONVERSION = YES;
				GCC_WARN_ABOUT_RETURN_TYPE = YES_ERROR;
				GCC_WARN_UNDECLARED_SELECTOR = YES;
				GCC_WARN_UNINITIALIZED_AUTOS = YES_AGGRESSIVE;
				GCC_WARN_UNUSED_FUNCTION = YES;
				GCC_WARN_UNUSED_VARIABLE = YES;
				MACOSX_DEPLOYMENT_TARGET = 15.0;
				MTL_ENABLE_DEBUG_INFO = NO;
				MTL_FAST_MATH = YES;
				PRODUCT_NAME = "$(TARGET_NAME)";
				SDKROOT = macosx;
				SWIFT_COMPILATION_MODE = wholemodule;
				SWIFT_OPTIMIZATION_LEVEL = "-O";
				SWIFT_VERSION = 5.0;
			};
			name = Release;
		};
		C19C49B82F068F13A381155F /* Debug */ = {
			isa = XCBuildConfiguration;
			buildSettings = {
				ASSETCATALOG_COMPILER_APPICON_NAME = AppIcon;
				CODE_SIGN_IDENTITY = "-";
				COMBINE_HIDPI_IMAGES = YES;
				CURRENT_PROJECT_VERSION = 1;
				ENABLE_APP_SANDBOX = NO;
				ENABLE_HARDENED_RUNTIME = YES;
				INFOPLIST_FILE = "SnapDog Server/Info.plist";
				LD_RUNPATH_SEARCH_PATHS = "@executable_path/../Frameworks";
				MACOSX_DEPLOYMENT_TARGET = 15.0;
				MARKETING_VERSION = 1.0.0;
				PRODUCT_BUNDLE_IDENTIFIER = com.metaneutrons.snapdog.helper;
				PRODUCT_NAME = "SnapDog Server";
				SDKROOT = macosx;
				SWIFT_STRICT_CONCURRENCY = complete;
				SWIFT_VERSION = 6.0;
			};
			name = Debug;
		};
/* End XCBuildConfiguration section */

/* Begin XCConfigurationList section */
		A06ED75609C8E5E0A6E93DFA /* Build configuration list for PBXProject "SnapDog Server" */ = {
			isa = XCConfigurationList;
			buildConfigurations = (
				8E5B0689136C02B949243E6B /* Debug */,
				B137DAC35620802B6F3037D4 /* Release */,
			);
			defaultConfigurationIsVisible = 0;
			defaultConfigurationName = Debug;
		};
		A1C9E370C95C05FE045EB454 /* Build configuration list for PBXNativeTarget "SnapDog Server" */ = {
			isa = XCConfigurationList;
			buildConfigurations = (
				C19C49B82F068F13A381155F /* Debug */,
				3AC94A3A6C1CF456766305EB /* Release */,
			);
			defaultConfigurationIsVisible = 0;
			defaultConfigurationName = Debug;
		};
/* End XCConfigurationList section */

/* Begin XCRemoteSwiftPackageReference section */
		08AFD7E498B82AE3D4908CCD /* XCRemoteSwiftPackageReference "TOMLKit" */ = {
			isa = XCRemoteSwiftPackageReference;
			repositoryURL = "https://github.com/LebJe/TOMLKit.git";
			requirement = {
				kind = exactVersion;
				version = 0.6.0;
			};
		};
/* End XCRemoteSwiftPackageReference section */

/* Begin XCSwiftPackageProductDependency section */
		81361EABDEADDA4B4F41C10F /* TOMLKit */ = {
			isa = XCSwiftPackageProductDependency;
			package = 08AFD7E498B82AE3D4908CCD /* XCRemoteSwiftPackageReference "TOMLKit" */;
			productName = TOMLKit;
		};
/* End XCSwiftPackageProductDependency section */
	};
	rootObject = 77E4E1BE9705EAEB3C552D60 /* Project object */;
}
